
Microsoft Visual Studio Solution File, Format Version 12.00
# Visual Studio Version 16
VisualStudioVersion = 16.0.31729.503
MinimumVisualStudioVersion = 10.0.40219.1
Project("{FAE04EC0-301F-11D3-BF4B-00C04F79EFBC}") = "WPF_bookStoreManagement", "WPF_bookStoreManagement\WPF_bookStoreManagement.csproj", "{4ED9503E-AE23-4FD3-9A47-01517A7126C6}"
EndProject
Global
	GlobalSection(SolutionConfigurationPlatforms) = preSolution
		Debug|Any CPU = Debug|Any CPU
		Release|Any CPU = Release|Any CPU
	EndGlobalSection
	GlobalSection(ProjectConfigurationPlatforms) = postSolution
		{4ED9503E-AE23-4FD3-9A47-01517A7126C6}.Debug|Any CPU.ActiveCfg = Debug|Any CPU
		{4ED9503E-AE23-4FD3-9A47-01517A7126C6}.Debug|Any CPU.Build.0 = Debug|Any CPU
		{4ED9503E-AE23-4FD3-9A47-01517A7126C6}.Release|Any CPU.ActiveCfg = Release|Any CPU
		{4ED9503E-AE23-4FD3-9A47-01517A7126C6}.Release|Any CPU.Build.0 = Release|Any CPU
	EndGlobalSection
	GlobalSection(SolutionProperties) = preSolution
		HideSolutionNode = FALSE
	EndGlobalSection
	GlobalSection(ExtensibilityGlobals) = postSolution
		SolutionGuid = {607C3D97-42F7-4896-AAD3-30454D93B482}
	EndGlobalSection
EndGlobal
