
Microsoft Visual Studio Solution File, Format Version 12.00
# Visual Studio Version 16
VisualStudioVersion = 16.0.30621.155
MinimumVisualStudioVersion = 10.0.40219.1
Project("{FAE04EC0-301F-11D3-BF4B-00C04F79EFBC}") = "bookStoreManagetment", "bookStoreManagetment\bookStoreManagetment.csproj", "{B641333B-2761-4ADB-B841-D3D5AF04BCA2}"
EndProject
Project("{2150E333-8FDC-42A3-9474-1A3956D46DE8}") = "Solution Items", "Solution Items", "{2587B3CC-372B-42F2-9CA8-3BEB356036F9}"
	ProjectSection(SolutionItems) = preProject
		.editorconfig = .editorconfig
	EndProjectSection
EndProject
Global
	GlobalSection(SolutionConfigurationPlatforms) = preSolution
		Debug|Any CPU = Debug|Any CPU
		Release|Any CPU = Release|Any CPU
	EndGlobalSection
	GlobalSection(ProjectConfigurationPlatforms) = postSolution
		{B641333B-2761-4ADB-B841-D3D5AF04BCA2}.Debug|Any CPU.ActiveCfg = Debug|Any CPU
		{B641333B-2761-4ADB-B841-D3D5AF04BCA2}.Debug|Any CPU.Build.0 = Debug|Any CPU
		{B641333B-2761-4ADB-B841-D3D5AF04BCA2}.Release|Any CPU.ActiveCfg = Release|Any CPU
		{B641333B-2761-4ADB-B841-D3D5AF04BCA2}.Release|Any CPU.Build.0 = Release|Any CPU
	EndGlobalSection
	GlobalSection(SolutionProperties) = preSolution
		HideSolutionNode = FALSE
	EndGlobalSection
	GlobalSection(ExtensibilityGlobals) = postSolution
		SolutionGuid = {3D15E7C8-F2FE-447A-9CC6-53BFC2626458}
	EndGlobalSection
EndGlobal
